// !$*UTF8*$!
{
	archiveVersion = 1;
	classes = {
	};
	objectVersion = 56;
	objects = {

/* Begin PBXBuildFile section */
		DA19D5B22C0963660023501E /* ImageLoader.swift in Sources */ = {isa = PBXBuildFile; fileRef = DA19D5B12C0963660023501E /* ImageLoader.swift */; };
		DA19D5B92C098C370023501E /* XCAssets+Generated.swift in Sources */ = {isa = PBXBuildFile; fileRef = DA19D5B62C098C370023501E /* XCAssets+Generated.swift */; };
		DA19D5BA2C098C370023501E /* Localizable.strings in Resources */ = {isa = PBXBuildFile; fileRef = DA19D5B72C098C370023501E /* Localizable.strings */; };
		DA19D5BB2C098C370023501E /* Strings+Generated.swift in Sources */ = {isa = PBXBuildFile; fileRef = DA19D5B82C098C370023501E /* Strings+Generated.swift */; };
		DA19D5C02C0C0CB60023501E /* ListUnitTest.swift in Sources */ = {isa = PBXBuildFile; fileRef = DA19D5BF2C0C0CB60023501E /* ListUnitTest.swift */; };
		DA19D5C82C0C9A5F0023501E /* DetailsUnitTest.swift in Sources */ = {isa = PBXBuildFile; fileRef = DA19D5C72C0C9A5F0023501E /* DetailsUnitTest.swift */; };
		DA3372D02BD729C2005F1CFB /* AppDelegate.swift in Sources */ = {isa = PBXBuildFile; fileRef = DA3372CF2BD729C2005F1CFB /* AppDelegate.swift */; };
		DA3372D22BD729C2005F1CFB /* SceneDelegate.swift in Sources */ = {isa = PBXBuildFile; fileRef = DA3372D12BD729C2005F1CFB /* SceneDelegate.swift */; };
		DA3372D72BD729C2005F1CFB /* Base in Resources */ = {isa = PBXBuildFile; fileRef = DA3372D62BD729C2005F1CFB /* Base */; };
		DA3372D92BD729C3005F1CFB /* Assets.xcassets in Resources */ = {isa = PBXBuildFile; fileRef = DA3372D82BD729C3005F1CFB /* Assets.xcassets */; };
		DA3372DC2BD729C3005F1CFB /* Base in Resources */ = {isa = PBXBuildFile; fileRef = DA3372DB2BD729C3005F1CFB /* Base */; };
		DA3372E72BD729C4005F1CFB /* CinemaStarTests.swift in Sources */ = {isa = PBXBuildFile; fileRef = DA3372E62BD729C4005F1CFB /* CinemaStarTests.swift */; };
		DA3372F12BD729C4005F1CFB /* CinemaStarUITests.swift in Sources */ = {isa = PBXBuildFile; fileRef = DA3372F02BD729C4005F1CFB /* CinemaStarUITests.swift */; };
		DA3372F32BD729C4005F1CFB /* CinemaStarUITestsLaunchTests.swift in Sources */ = {isa = PBXBuildFile; fileRef = DA3372F22BD729C4005F1CFB /* CinemaStarUITestsLaunchTests.swift */; };
		DA3373192BD784E4005F1CFB /* APIResource.swift in Sources */ = {isa = PBXBuildFile; fileRef = DA3373182BD784E4005F1CFB /* APIResource.swift */; };
		DA33731E2BD78C72005F1CFB /* PosterDTO.swift in Sources */ = {isa = PBXBuildFile; fileRef = DA33731D2BD78C72005F1CFB /* PosterDTO.swift */; };
		DA3373212BD78D1F005F1CFB /* ListDTO.swift in Sources */ = {isa = PBXBuildFile; fileRef = DA3373202BD78D1F005F1CFB /* ListDTO.swift */; };
		DA3373232BD78DAE005F1CFB /* DocDTO.swift in Sources */ = {isa = PBXBuildFile; fileRef = DA3373222BD78DAE005F1CFB /* DocDTO.swift */; };
		DA3373252BD78DFD005F1CFB /* RatingDTO.swift in Sources */ = {isa = PBXBuildFile; fileRef = DA3373242BD78DFD005F1CFB /* RatingDTO.swift */; };
		DA33732E2BD79A62005F1CFB /* Inter-Bold.ttf in Resources */ = {isa = PBXBuildFile; fileRef = DA33732B2BD79A62005F1CFB /* Inter-Bold.ttf */; };
		DA33732F2BD79A62005F1CFB /* Inter-Bold.ttf in Resources */ = {isa = PBXBuildFile; fileRef = DA33732B2BD79A62005F1CFB /* Inter-Bold.ttf */; };
		DA3373302BD79A62005F1CFB /* Inter-Bold.ttf in Resources */ = {isa = PBXBuildFile; fileRef = DA33732B2BD79A62005F1CFB /* Inter-Bold.ttf */; };
		DA3373312BD79A62005F1CFB /* Inter-Regular.ttf in Resources */ = {isa = PBXBuildFile; fileRef = DA33732C2BD79A62005F1CFB /* Inter-Regular.ttf */; };
		DA3373322BD79A62005F1CFB /* Inter-Regular.ttf in Resources */ = {isa = PBXBuildFile; fileRef = DA33732C2BD79A62005F1CFB /* Inter-Regular.ttf */; };
		DA3373332BD79A62005F1CFB /* Inter-Regular.ttf in Resources */ = {isa = PBXBuildFile; fileRef = DA33732C2BD79A62005F1CFB /* Inter-Regular.ttf */; };
		DA3373342BD79A62005F1CFB /* Inter-Medium.ttf in Resources */ = {isa = PBXBuildFile; fileRef = DA33732D2BD79A62005F1CFB /* Inter-Medium.ttf */; };
		DA3373352BD79A62005F1CFB /* Inter-Medium.ttf in Resources */ = {isa = PBXBuildFile; fileRef = DA33732D2BD79A62005F1CFB /* Inter-Medium.ttf */; };
		DA3373362BD79A62005F1CFB /* Inter-Medium.ttf in Resources */ = {isa = PBXBuildFile; fileRef = DA33732D2BD79A62005F1CFB /* Inter-Medium.ttf */; };
		DA3373382BD79B90005F1CFB /* Font+Extension .swift in Sources */ = {isa = PBXBuildFile; fileRef = DA3373372BD79B90005F1CFB /* Font+Extension .swift */; };
		DA3373392BD79B90005F1CFB /* Font+Extension .swift in Sources */ = {isa = PBXBuildFile; fileRef = DA3373372BD79B90005F1CFB /* Font+Extension .swift */; };
		DA33733A2BD79B90005F1CFB /* Font+Extension .swift in Sources */ = {isa = PBXBuildFile; fileRef = DA3373372BD79B90005F1CFB /* Font+Extension .swift */; };
		DA3373412BD79EC2005F1CFB /* SnapKit in Frameworks */ = {isa = PBXBuildFile; productRef = DA3373402BD79EC2005F1CFB /* SnapKit */; };
		DA33734F2BD8DC20005F1CFB /* ImageRequest.swift in Sources */ = {isa = PBXBuildFile; fileRef = DA33734E2BD8DC20005F1CFB /* ImageRequest.swift */; };
		DA3373502BD8DC20005F1CFB /* ImageRequest.swift in Sources */ = {isa = PBXBuildFile; fileRef = DA33734E2BD8DC20005F1CFB /* ImageRequest.swift */; };
		DA3373512BD8DC20005F1CFB /* ImageRequest.swift in Sources */ = {isa = PBXBuildFile; fileRef = DA33734E2BD8DC20005F1CFB /* ImageRequest.swift */; };
		DA33735F2BD8EE34005F1CFB /* UIView+Extension.swift in Sources */ = {isa = PBXBuildFile; fileRef = DA33735E2BD8EE34005F1CFB /* UIView+Extension.swift */; };
		DA3373602BD8EE34005F1CFB /* UIView+Extension.swift in Sources */ = {isa = PBXBuildFile; fileRef = DA33735E2BD8EE34005F1CFB /* UIView+Extension.swift */; };
		DA3373612BD8EE34005F1CFB /* UIView+Extension.swift in Sources */ = {isa = PBXBuildFile; fileRef = DA33735E2BD8EE34005F1CFB /* UIView+Extension.swift */; };
		DA3373C22BDA0441005F1CFB /* CountryDTO.swift in Sources */ = {isa = PBXBuildFile; fileRef = DA3373C12BDA0441005F1CFB /* CountryDTO.swift */; };
		DA3373C32BDA0441005F1CFB /* CountryDTO.swift in Sources */ = {isa = PBXBuildFile; fileRef = DA3373C12BDA0441005F1CFB /* CountryDTO.swift */; };
		DA3373C42BDA0441005F1CFB /* CountryDTO.swift in Sources */ = {isa = PBXBuildFile; fileRef = DA3373C12BDA0441005F1CFB /* CountryDTO.swift */; };
		DA3373C62BDA0453005F1CFB /* DetailsPosterDTO.swift in Sources */ = {isa = PBXBuildFile; fileRef = DA3373C52BDA0453005F1CFB /* DetailsPosterDTO.swift */; };
		DA3373C72BDA0453005F1CFB /* DetailsPosterDTO.swift in Sources */ = {isa = PBXBuildFile; fileRef = DA3373C52BDA0453005F1CFB /* DetailsPosterDTO.swift */; };
		DA3373C82BDA0453005F1CFB /* DetailsPosterDTO.swift in Sources */ = {isa = PBXBuildFile; fileRef = DA3373C52BDA0453005F1CFB /* DetailsPosterDTO.swift */; };
		DA88C3E32BDB629F00AB5B1B /* KeyChainService.swift in Sources */ = {isa = PBXBuildFile; fileRef = DA88C3E22BDB629F00AB5B1B /* KeyChainService.swift */; };
		DA88C3E62BDB630400AB5B1B /* KeychainSwift in Frameworks */ = {isa = PBXBuildFile; productRef = DA88C3E52BDB630400AB5B1B /* KeychainSwift */; };
		DAA36A812C06C143008026A7 /* ListRouter.swift in Sources */ = {isa = PBXBuildFile; fileRef = DAA36A802C06C143008026A7 /* ListRouter.swift */; };
		DAA36A842C06C586008026A7 /* ListModel.swift in Sources */ = {isa = PBXBuildFile; fileRef = DAA36A832C06C586008026A7 /* ListModel.swift */; };
		DAA36A862C06C60F008026A7 /* ViewState.swift in Sources */ = {isa = PBXBuildFile; fileRef = DAA36A852C06C60F008026A7 /* ViewState.swift */; };
		DAA36A892C06C64B008026A7 /* ListPresenter.swift in Sources */ = {isa = PBXBuildFile; fileRef = DAA36A882C06C64B008026A7 /* ListPresenter.swift */; };
		DAA36A8B2C06C7EC008026A7 /* ListInteractor.swift in Sources */ = {isa = PBXBuildFile; fileRef = DAA36A8A2C06C7EC008026A7 /* ListInteractor.swift */; };
		DAA36A8D2C06C88C008026A7 /* ListView.swift in Sources */ = {isa = PBXBuildFile; fileRef = DAA36A8C2C06C88C008026A7 /* ListView.swift */; };
		DAA36A8F2C06C9C0008026A7 /* Shimmer.swift in Sources */ = {isa = PBXBuildFile; fileRef = DAA36A8E2C06C9C0008026A7 /* Shimmer.swift */; };
		DAA36A912C06CA5B008026A7 /* DetailsRouter.swift in Sources */ = {isa = PBXBuildFile; fileRef = DAA36A902C06CA5B008026A7 /* DetailsRouter.swift */; };
		DAA36A932C06CA9C008026A7 /* DetailstCellTypes.swift in Sources */ = {isa = PBXBuildFile; fileRef = DAA36A922C06CA9C008026A7 /* DetailstCellTypes.swift */; };
		DAA36A952C06CAC3008026A7 /* DetailsModel.swift in Sources */ = {isa = PBXBuildFile; fileRef = DAA36A942C06CAC3008026A7 /* DetailsModel.swift */; };
		DAA36A982C06CAF5008026A7 /* DetailsPresenter.swift in Sources */ = {isa = PBXBuildFile; fileRef = DAA36A972C06CAF5008026A7 /* DetailsPresenter.swift */; };
		DAA36A9A2C06CB26008026A7 /* DetailsInteractor.swift in Sources */ = {isa = PBXBuildFile; fileRef = DAA36A992C06CB26008026A7 /* DetailsInteractor.swift */; };
		DAA36A9C2C06CDD0008026A7 /* DetailsView.swift in Sources */ = {isa = PBXBuildFile; fileRef = DAA36A9B2C06CDD0008026A7 /* DetailsView.swift */; };
		DAA36A9E2C06D317008026A7 /* ListOfFilmsModel.swift in Sources */ = {isa = PBXBuildFile; fileRef = DAA36A9D2C06D317008026A7 /* ListOfFilmsModel.swift */; };
		DAA36AA02C06D40B008026A7 /* NetworkService.swift in Sources */ = {isa = PBXBuildFile; fileRef = DAA36A9F2C06D40B008026A7 /* NetworkService.swift */; };
		DAA36AA22C06D5F4008026A7 /* DetailsDTO.swift in Sources */ = {isa = PBXBuildFile; fileRef = DAA36AA12C06D5F4008026A7 /* DetailsDTO.swift */; };
		DAA36AA42C06D629008026A7 /* DetailsRatingDTO.swift in Sources */ = {isa = PBXBuildFile; fileRef = DAA36AA32C06D629008026A7 /* DetailsRatingDTO.swift */; };
		DAA36AA62C06D638008026A7 /* PersonDTO.swift in Sources */ = {isa = PBXBuildFile; fileRef = DAA36AA52C06D638008026A7 /* PersonDTO.swift */; };
		DAA36AA82C06D653008026A7 /* SimilarMovieDTO.swift in Sources */ = {isa = PBXBuildFile; fileRef = DAA36AA72C06D653008026A7 /* SimilarMovieDTO.swift */; };
		DAA36AAA2C06D66B008026A7 /* SpokenLanguageDTO.swift in Sources */ = {isa = PBXBuildFile; fileRef = DAA36AA92C06D66B008026A7 /* SpokenLanguageDTO.swift */; };
		DAA36AAF2C0845E0008026A7 /* CacheDataModel.xcdatamodeld in Sources */ = {isa = PBXBuildFile; fileRef = DAA36AAD2C0845E0008026A7 /* CacheDataModel.xcdatamodeld */; };
		DAA36ABE2C084C52008026A7 /* CoreDtataService.swift in Sources */ = {isa = PBXBuildFile; fileRef = DAA36ABD2C084C52008026A7 /* CoreDtataService.swift */; };
/* End PBXBuildFile section */

/* Begin PBXContainerItemProxy section */
		DA3372E32BD729C4005F1CFB /* PBXContainerItemProxy */ = {
			isa = PBXContainerItemProxy;
			containerPortal = DA3372C42BD729C2005F1CFB /* Project object */;
			proxyType = 1;
			remoteGlobalIDString = DA3372CB2BD729C2005F1CFB;
			remoteInfo = CinemaStar;
		};
		DA3372ED2BD729C4005F1CFB /* PBXContainerItemProxy */ = {
			isa = PBXContainerItemProxy;
			containerPortal = DA3372C42BD729C2005F1CFB /* Project object */;
			proxyType = 1;
			remoteGlobalIDString = DA3372CB2BD729C2005F1CFB;
			remoteInfo = CinemaStar;
		};
/* End PBXContainerItemProxy section */

/* Begin PBXFileReference section */
		DA19D5AD2C08B8620023501E /* MovieDetailsCoreDataStorage.swift */ = {isa = PBXFileReference; lastKnownFileType = sourcecode.swift; name = MovieDetailsCoreDataStorage.swift; path = CinemaStar/CoreData/MovieDetailsCoreDataStorage.swift; sourceTree = "<group>"; };
		DA19D5AE2C08B8620023501E /* MovieCardsCoreDataStorage.swift */ = {isa = PBXFileReference; lastKnownFileType = sourcecode.swift; name = MovieCardsCoreDataStorage.swift; path = CinemaStar/CoreData/MovieCardsCoreDataStorage.swift; sourceTree = "<group>"; };
		DA19D5B12C0963660023501E /* ImageLoader.swift */ = {isa = PBXFileReference; lastKnownFileType = sourcecode.swift; path = ImageLoader.swift; sourceTree = "<group>"; };
		DA19D5B62C098C370023501E /* XCAssets+Generated.swift */ = {isa = PBXFileReference; fileEncoding = 4; lastKnownFileType = sourcecode.swift; name = "XCAssets+Generated.swift"; path = "CinemaStar/XCAssets+Generated.swift"; sourceTree = "<group>"; };
		DA19D5B72C098C370023501E /* Localizable.strings */ = {isa = PBXFileReference; fileEncoding = 4; lastKnownFileType = text.plist.strings; name = Localizable.strings; path = CinemaStar/Localizable.strings; sourceTree = "<group>"; };
		DA19D5B82C098C370023501E /* Strings+Generated.swift */ = {isa = PBXFileReference; fileEncoding = 4; lastKnownFileType = sourcecode.swift; name = "Strings+Generated.swift"; path = "CinemaStar/Strings+Generated.swift"; sourceTree = "<group>"; };
		DA19D5BF2C0C0CB60023501E /* ListUnitTest.swift */ = {isa = PBXFileReference; lastKnownFileType = sourcecode.swift; path = ListUnitTest.swift; sourceTree = "<group>"; };
		DA19D5C72C0C9A5F0023501E /* DetailsUnitTest.swift */ = {isa = PBXFileReference; lastKnownFileType = sourcecode.swift; path = DetailsUnitTest.swift; sourceTree = "<group>"; };
		DA3372CC2BD729C2005F1CFB /* CinemaStar.app */ = {isa = PBXFileReference; explicitFileType = wrapper.application; includeInIndex = 0; path = CinemaStar.app; sourceTree = BUILT_PRODUCTS_DIR; };
		DA3372CF2BD729C2005F1CFB /* AppDelegate.swift */ = {isa = PBXFileReference; lastKnownFileType = sourcecode.swift; path = AppDelegate.swift; sourceTree = "<group>"; };
		DA3372D12BD729C2005F1CFB /* SceneDelegate.swift */ = {isa = PBXFileReference; lastKnownFileType = sourcecode.swift; path = SceneDelegate.swift; sourceTree = "<group>"; };
		DA3372D62BD729C2005F1CFB /* Base */ = {isa = PBXFileReference; lastKnownFileType = file.storyboard; name = Base; path = Base.lproj/Main.storyboard; sourceTree = "<group>"; };
		DA3372D82BD729C3005F1CFB /* Assets.xcassets */ = {isa = PBXFileReference; lastKnownFileType = folder.assetcatalog; path = Assets.xcassets; sourceTree = "<group>"; };
		DA3372DB2BD729C3005F1CFB /* Base */ = {isa = PBXFileReference; lastKnownFileType = file.storyboard; name = Base; path = Base.lproj/LaunchScreen.storyboard; sourceTree = "<group>"; };
		DA3372DD2BD729C3005F1CFB /* Info.plist */ = {isa = PBXFileReference; lastKnownFileType = text.plist.xml; path = Info.plist; sourceTree = "<group>"; };
		DA3372E22BD729C4005F1CFB /* CinemaStarTests.xctest */ = {isa = PBXFileReference; explicitFileType = wrapper.cfbundle; includeInIndex = 0; path = CinemaStarTests.xctest; sourceTree = BUILT_PRODUCTS_DIR; };
		DA3372E62BD729C4005F1CFB /* CinemaStarTests.swift */ = {isa = PBXFileReference; lastKnownFileType = sourcecode.swift; path = CinemaStarTests.swift; sourceTree = "<group>"; };
		DA3372EC2BD729C4005F1CFB /* CinemaStarUITests.xctest */ = {isa = PBXFileReference; explicitFileType = wrapper.cfbundle; includeInIndex = 0; path = CinemaStarUITests.xctest; sourceTree = BUILT_PRODUCTS_DIR; };
		DA3372F02BD729C4005F1CFB /* CinemaStarUITests.swift */ = {isa = PBXFileReference; lastKnownFileType = sourcecode.swift; path = CinemaStarUITests.swift; sourceTree = "<group>"; };
		DA3372F22BD729C4005F1CFB /* CinemaStarUITestsLaunchTests.swift */ = {isa = PBXFileReference; lastKnownFileType = sourcecode.swift; path = CinemaStarUITestsLaunchTests.swift; sourceTree = "<group>"; };
		DA3373182BD784E4005F1CFB /* APIResource.swift */ = {isa = PBXFileReference; lastKnownFileType = sourcecode.swift; path = APIResource.swift; sourceTree = "<group>"; };
		DA33731D2BD78C72005F1CFB /* PosterDTO.swift */ = {isa = PBXFileReference; lastKnownFileType = sourcecode.swift; path = PosterDTO.swift; sourceTree = "<group>"; };
		DA3373202BD78D1F005F1CFB /* ListDTO.swift */ = {isa = PBXFileReference; lastKnownFileType = sourcecode.swift; path = ListDTO.swift; sourceTree = "<group>"; };
		DA3373222BD78DAE005F1CFB /* DocDTO.swift */ = {isa = PBXFileReference; lastKnownFileType = sourcecode.swift; path = DocDTO.swift; sourceTree = "<group>"; };
		DA3373242BD78DFD005F1CFB /* RatingDTO.swift */ = {isa = PBXFileReference; lastKnownFileType = sourcecode.swift; path = RatingDTO.swift; sourceTree = "<group>"; };
		DA33732B2BD79A62005F1CFB /* Inter-Bold.ttf */ = {isa = PBXFileReference; lastKnownFileType = file; path = "Inter-Bold.ttf"; sourceTree = "<group>"; };
		DA33732C2BD79A62005F1CFB /* Inter-Regular.ttf */ = {isa = PBXFileReference; lastKnownFileType = file; path = "Inter-Regular.ttf"; sourceTree = "<group>"; };
		DA33732D2BD79A62005F1CFB /* Inter-Medium.ttf */ = {isa = PBXFileReference; lastKnownFileType = file; path = "Inter-Medium.ttf"; sourceTree = "<group>"; };
		DA3373372BD79B90005F1CFB /* Font+Extension .swift */ = {isa = PBXFileReference; lastKnownFileType = sourcecode.swift; path = "Font+Extension .swift"; sourceTree = "<group>"; };
		DA33734E2BD8DC20005F1CFB /* ImageRequest.swift */ = {isa = PBXFileReference; lastKnownFileType = sourcecode.swift; path = ImageRequest.swift; sourceTree = "<group>"; };
		DA33735E2BD8EE34005F1CFB /* UIView+Extension.swift */ = {isa = PBXFileReference; lastKnownFileType = sourcecode.swift; path = "UIView+Extension.swift"; sourceTree = "<group>"; };
		DA3373C12BDA0441005F1CFB /* CountryDTO.swift */ = {isa = PBXFileReference; lastKnownFileType = sourcecode.swift; path = CountryDTO.swift; sourceTree = "<group>"; };
		DA3373C52BDA0453005F1CFB /* DetailsPosterDTO.swift */ = {isa = PBXFileReference; lastKnownFileType = sourcecode.swift; path = DetailsPosterDTO.swift; sourceTree = "<group>"; };
		DA88C3E22BDB629F00AB5B1B /* KeyChainService.swift */ = {isa = PBXFileReference; lastKnownFileType = sourcecode.swift; path = KeyChainService.swift; sourceTree = "<group>"; };
		DAA36A802C06C143008026A7 /* ListRouter.swift */ = {isa = PBXFileReference; lastKnownFileType = sourcecode.swift; path = ListRouter.swift; sourceTree = "<group>"; };
		DAA36A832C06C586008026A7 /* ListModel.swift */ = {isa = PBXFileReference; lastKnownFileType = sourcecode.swift; path = ListModel.swift; sourceTree = "<group>"; };
		DAA36A852C06C60F008026A7 /* ViewState.swift */ = {isa = PBXFileReference; lastKnownFileType = sourcecode.swift; path = ViewState.swift; sourceTree = "<group>"; };
		DAA36A882C06C64B008026A7 /* ListPresenter.swift */ = {isa = PBXFileReference; lastKnownFileType = sourcecode.swift; path = ListPresenter.swift; sourceTree = "<group>"; };
		DAA36A8A2C06C7EC008026A7 /* ListInteractor.swift */ = {isa = PBXFileReference; lastKnownFileType = sourcecode.swift; path = ListInteractor.swift; sourceTree = "<group>"; };
		DAA36A8C2C06C88C008026A7 /* ListView.swift */ = {isa = PBXFileReference; lastKnownFileType = sourcecode.swift; path = ListView.swift; sourceTree = "<group>"; };
		DAA36A8E2C06C9C0008026A7 /* Shimmer.swift */ = {isa = PBXFileReference; lastKnownFileType = sourcecode.swift; path = Shimmer.swift; sourceTree = "<group>"; };
		DAA36A902C06CA5B008026A7 /* DetailsRouter.swift */ = {isa = PBXFileReference; lastKnownFileType = sourcecode.swift; path = DetailsRouter.swift; sourceTree = "<group>"; };
		DAA36A922C06CA9C008026A7 /* DetailstCellTypes.swift */ = {isa = PBXFileReference; lastKnownFileType = sourcecode.swift; path = DetailstCellTypes.swift; sourceTree = "<group>"; };
		DAA36A942C06CAC3008026A7 /* DetailsModel.swift */ = {isa = PBXFileReference; lastKnownFileType = sourcecode.swift; path = DetailsModel.swift; sourceTree = "<group>"; };
		DAA36A972C06CAF5008026A7 /* DetailsPresenter.swift */ = {isa = PBXFileReference; lastKnownFileType = sourcecode.swift; path = DetailsPresenter.swift; sourceTree = "<group>"; };
		DAA36A992C06CB26008026A7 /* DetailsInteractor.swift */ = {isa = PBXFileReference; lastKnownFileType = sourcecode.swift; path = DetailsInteractor.swift; sourceTree = "<group>"; };
		DAA36A9B2C06CDD0008026A7 /* DetailsView.swift */ = {isa = PBXFileReference; lastKnownFileType = sourcecode.swift; path = DetailsView.swift; sourceTree = "<group>"; };
		DAA36A9D2C06D317008026A7 /* ListOfFilmsModel.swift */ = {isa = PBXFileReference; lastKnownFileType = sourcecode.swift; path = ListOfFilmsModel.swift; sourceTree = "<group>"; };
		DAA36A9F2C06D40B008026A7 /* NetworkService.swift */ = {isa = PBXFileReference; lastKnownFileType = sourcecode.swift; path = NetworkService.swift; sourceTree = "<group>"; };
		DAA36AA12C06D5F4008026A7 /* DetailsDTO.swift */ = {isa = PBXFileReference; lastKnownFileType = sourcecode.swift; path = DetailsDTO.swift; sourceTree = "<group>"; };
		DAA36AA32C06D629008026A7 /* DetailsRatingDTO.swift */ = {isa = PBXFileReference; lastKnownFileType = sourcecode.swift; path = DetailsRatingDTO.swift; sourceTree = "<group>"; };
		DAA36AA52C06D638008026A7 /* PersonDTO.swift */ = {isa = PBXFileReference; lastKnownFileType = sourcecode.swift; path = PersonDTO.swift; sourceTree = "<group>"; };
		DAA36AA72C06D653008026A7 /* SimilarMovieDTO.swift */ = {isa = PBXFileReference; lastKnownFileType = sourcecode.swift; path = SimilarMovieDTO.swift; sourceTree = "<group>"; };
		DAA36AA92C06D66B008026A7 /* SpokenLanguageDTO.swift */ = {isa = PBXFileReference; lastKnownFileType = sourcecode.swift; path = SpokenLanguageDTO.swift; sourceTree = "<group>"; };
		DAA36AAE2C0845E0008026A7 /* CacheDataModel.xcdatamodel */ = {isa = PBXFileReference; lastKnownFileType = wrapper.xcdatamodel; path = CacheDataModel.xcdatamodel; sourceTree = "<group>"; };
		DAA36ABD2C084C52008026A7 /* CoreDtataService.swift */ = {isa = PBXFileReference; lastKnownFileType = sourcecode.swift; path = CoreDtataService.swift; sourceTree = "<group>"; };
/* End PBXFileReference section */

/* Begin PBXFrameworksBuildPhase section */
		DA3372C92BD729C2005F1CFB /* Frameworks */ = {
			isa = PBXFrameworksBuildPhase;
			buildActionMask = 2147483647;
			files = (
				DA88C3E62BDB630400AB5B1B /* KeychainSwift in Frameworks */,
				DA3373412BD79EC2005F1CFB /* SnapKit in Frameworks */,
			);
			runOnlyForDeploymentPostprocessing = 0;
		};
		DA3372DF2BD729C4005F1CFB /* Frameworks */ = {
			isa = PBXFrameworksBuildPhase;
			buildActionMask = 2147483647;
			files = (
			);
			runOnlyForDeploymentPostprocessing = 0;
		};
		DA3372E92BD729C4005F1CFB /* Frameworks */ = {
			isa = PBXFrameworksBuildPhase;
			buildActionMask = 2147483647;
			files = (
			);
			runOnlyForDeploymentPostprocessing = 0;
		};
/* End PBXFrameworksBuildPhase section */

/* Begin PBXGroup section */
		DA3372C32BD729C2005F1CFB = {
			isa = PBXGroup;
			children = (
				DA19D5AD2C08B8620023501E /* MovieDetailsCoreDataStorage.swift */,
				DA19D5AE2C08B8620023501E /* MovieCardsCoreDataStorage.swift */,
				DA19D5B72C098C370023501E /* Localizable.strings */,
				DA19D5B82C098C370023501E /* Strings+Generated.swift */,
				DA19D5B62C098C370023501E /* XCAssets+Generated.swift */,
				DA3372CE2BD729C2005F1CFB /* CinemaStar */,
				DA3372E52BD729C4005F1CFB /* CinemaStarTests */,
				DA3372EF2BD729C4005F1CFB /* CinemaStarUITests */,
				DA3372CD2BD729C2005F1CFB /* Products */,
			);
			sourceTree = "<group>";
		};
		DA3372CD2BD729C2005F1CFB /* Products */ = {
			isa = PBXGroup;
			children = (
				DA3372CC2BD729C2005F1CFB /* CinemaStar.app */,
				DA3372E22BD729C4005F1CFB /* CinemaStarTests.xctest */,
				DA3372EC2BD729C4005F1CFB /* CinemaStarUITests.xctest */,
			);
			name = Products;
			sourceTree = "<group>";
		};
		DA3372CE2BD729C2005F1CFB /* CinemaStar */ = {
			isa = PBXGroup;
			children = (
				DA33732A2BD799B8005F1CFB /* Fonts */,
				DA3372CF2BD729C2005F1CFB /* AppDelegate.swift */,
				DA3372D12BD729C2005F1CFB /* SceneDelegate.swift */,
				DA3373372BD79B90005F1CFB /* Font+Extension .swift */,
				DA33735E2BD8EE34005F1CFB /* UIView+Extension.swift */,
				DAA36A8E2C06C9C0008026A7 /* Shimmer.swift */,
				DAA36AB82C084B40008026A7 /* CoreData */,
				DA88C3E42BDB62A600AB5B1B /* KeyChain */,
				DA33731A2BD784EA005F1CFB /* NetworkService */,
				DA33730E2BD7662E005F1CFB /* Movie */,
				DA33730F2BD7663F005F1CFB /* Details */,
				DA3372D52BD729C2005F1CFB /* Main.storyboard */,
				DA3372D82BD729C3005F1CFB /* Assets.xcassets */,
				DA3372DA2BD729C3005F1CFB /* LaunchScreen.storyboard */,
				DA3372DD2BD729C3005F1CFB /* Info.plist */,
			);
			path = CinemaStar;
			sourceTree = "<group>";
		};
		DA3372E52BD729C4005F1CFB /* CinemaStarTests */ = {
			isa = PBXGroup;
			children = (
				DA3372E62BD729C4005F1CFB /* CinemaStarTests.swift */,
				DA19D5BF2C0C0CB60023501E /* ListUnitTest.swift */,
				DA19D5C72C0C9A5F0023501E /* DetailsUnitTest.swift */,
			);
			path = CinemaStarTests;
			sourceTree = "<group>";
		};
		DA3372EF2BD729C4005F1CFB /* CinemaStarUITests */ = {
			isa = PBXGroup;
			children = (
				DA3372F02BD729C4005F1CFB /* CinemaStarUITests.swift */,
				DA3372F22BD729C4005F1CFB /* CinemaStarUITestsLaunchTests.swift */,
			);
			path = CinemaStarUITests;
			sourceTree = "<group>";
		};
		DA33730E2BD7662E005F1CFB /* Movie */ = {
			isa = PBXGroup;
			children = (
				DAA36A822C06C148008026A7 /* MovieViper */,
			);
			path = Movie;
			sourceTree = "<group>";
		};
		DA33730F2BD7663F005F1CFB /* Details */ = {
			isa = PBXGroup;
			children = (
				DAA36A902C06CA5B008026A7 /* DetailsRouter.swift */,
				DAA36A972C06CAF5008026A7 /* DetailsPresenter.swift */,
				DAA36A992C06CB26008026A7 /* DetailsInteractor.swift */,
				DAA36A9B2C06CDD0008026A7 /* DetailsView.swift */,
				DAA36A962C06CADE008026A7 /* Entity */,
			);
			path = Details;
			sourceTree = "<group>";
		};
		DA33731A2BD784EA005F1CFB /* NetworkService */ = {
			isa = PBXGroup;
			children = (
				DA3373182BD784E4005F1CFB /* APIResource.swift */,
				DAA36A9D2C06D317008026A7 /* ListOfFilmsModel.swift */,
				DA33734E2BD8DC20005F1CFB /* ImageRequest.swift */,
				DAA36A9F2C06D40B008026A7 /* NetworkService.swift */,
				DA33731F2BD78D10005F1CFB /* DTO */,
			);
			path = NetworkService;
			sourceTree = "<group>";
		};
		DA33731F2BD78D10005F1CFB /* DTO */ = {
			isa = PBXGroup;
			children = (
				DA33731D2BD78C72005F1CFB /* PosterDTO.swift */,
				DA3373202BD78D1F005F1CFB /* ListDTO.swift */,
				DA3373222BD78DAE005F1CFB /* DocDTO.swift */,
				DA3373242BD78DFD005F1CFB /* RatingDTO.swift */,
				DA3373C12BDA0441005F1CFB /* CountryDTO.swift */,
				DA3373C52BDA0453005F1CFB /* DetailsPosterDTO.swift */,
				DAA36AA12C06D5F4008026A7 /* DetailsDTO.swift */,
				DAA36AA32C06D629008026A7 /* DetailsRatingDTO.swift */,
				DAA36AA52C06D638008026A7 /* PersonDTO.swift */,
				DAA36AA72C06D653008026A7 /* SimilarMovieDTO.swift */,
				DAA36AA92C06D66B008026A7 /* SpokenLanguageDTO.swift */,
			);
			path = DTO;
			sourceTree = "<group>";
		};
		DA33732A2BD799B8005F1CFB /* Fonts */ = {
			isa = PBXGroup;
			children = (
				DA33732B2BD79A62005F1CFB /* Inter-Bold.ttf */,
				DA33732D2BD79A62005F1CFB /* Inter-Medium.ttf */,
				DA33732C2BD79A62005F1CFB /* Inter-Regular.ttf */,
			);
			path = Fonts;
			sourceTree = "<group>";
		};
		DA88C3E42BDB62A600AB5B1B /* KeyChain */ = {
			isa = PBXGroup;
			children = (
				DA88C3E22BDB629F00AB5B1B /* KeyChainService.swift */,
			);
			path = KeyChain;
			sourceTree = "<group>";
		};
		DAA36A822C06C148008026A7 /* MovieViper */ = {
			isa = PBXGroup;
			children = (
				DAA36A802C06C143008026A7 /* ListRouter.swift */,
				DAA36A882C06C64B008026A7 /* ListPresenter.swift */,
				DAA36A8A2C06C7EC008026A7 /* ListInteractor.swift */,
				DAA36A8C2C06C88C008026A7 /* ListView.swift */,
				DAA36A872C06C61A008026A7 /* Entity */,
			);
			path = MovieViper;
			sourceTree = "<group>";
		};
		DAA36A872C06C61A008026A7 /* Entity */ = {
			isa = PBXGroup;
			children = (
				DAA36A832C06C586008026A7 /* ListModel.swift */,
				DAA36A852C06C60F008026A7 /* ViewState.swift */,
			);
			path = Entity;
			sourceTree = "<group>";
		};
		DAA36A962C06CADE008026A7 /* Entity */ = {
			isa = PBXGroup;
			children = (
				DAA36A922C06CA9C008026A7 /* DetailstCellTypes.swift */,
				DAA36A942C06CAC3008026A7 /* DetailsModel.swift */,
			);
			path = Entity;
			sourceTree = "<group>";
		};
		DAA36AB82C084B40008026A7 /* CoreData */ = {
			isa = PBXGroup;
			children = (
				DAA36AAD2C0845E0008026A7 /* CacheDataModel.xcdatamodeld */,
				DAA36ABD2C084C52008026A7 /* CoreDtataService.swift */,
				DA19D5B12C0963660023501E /* ImageLoader.swift */,
			);
			path = CoreData;
			sourceTree = "<group>";
		};
/* End PBXGroup section */

/* Begin PBXNativeTarget section */
		DA3372CB2BD729C2005F1CFB /* CinemaStar */ = {
			isa = PBXNativeTarget;
			buildConfigurationList = DA3372F62BD729C4005F1CFB /* Build configuration list for PBXNativeTarget "CinemaStar" */;
			buildPhases = (
				DA3372C82BD729C2005F1CFB /* Sources */,
				DA19D5BC2C09980D0023501E /* SwiftGen */,
				DA88C3F42BDBE31C00AB5B1B /* Swift Format */,
				DA88C3F52BDBE38700AB5B1B /* Swift Lint */,
				DA3372C92BD729C2005F1CFB /* Frameworks */,
				DA3372CA2BD729C2005F1CFB /* Resources */,
			);
			buildRules = (
			);
			dependencies = (
			);
			name = CinemaStar;
			packageProductDependencies = (
				DA3373402BD79EC2005F1CFB /* SnapKit */,
				DA88C3E52BDB630400AB5B1B /* KeychainSwift */,
			);
			productName = CinemaStar;
			productReference = DA3372CC2BD729C2005F1CFB /* CinemaStar.app */;
			productType = "com.apple.product-type.application";
		};
		DA3372E12BD729C4005F1CFB /* CinemaStarTests */ = {
			isa = PBXNativeTarget;
			buildConfigurationList = DA3372F92BD729C4005F1CFB /* Build configuration list for PBXNativeTarget "CinemaStarTests" */;
			buildPhases = (
				DA3372DE2BD729C4005F1CFB /* Sources */,
				DA3372DF2BD729C4005F1CFB /* Frameworks */,
				DA3372E02BD729C4005F1CFB /* Resources */,
			);
			buildRules = (
			);
			dependencies = (
				DA3372E42BD729C4005F1CFB /* PBXTargetDependency */,
			);
			name = CinemaStarTests;
			productName = CinemaStarTests;
			productReference = DA3372E22BD729C4005F1CFB /* CinemaStarTests.xctest */;
			productType = "com.apple.product-type.bundle.unit-test";
		};
		DA3372EB2BD729C4005F1CFB /* CinemaStarUITests */ = {
			isa = PBXNativeTarget;
			buildConfigurationList = DA3372FC2BD729C4005F1CFB /* Build configuration list for PBXNativeTarget "CinemaStarUITests" */;
			buildPhases = (
				DA3372E82BD729C4005F1CFB /* Sources */,
				DA3372E92BD729C4005F1CFB /* Frameworks */,
				DA3372EA2BD729C4005F1CFB /* Resources */,
			);
			buildRules = (
			);
			dependencies = (
				DA3372EE2BD729C4005F1CFB /* PBXTargetDependency */,
			);
			name = CinemaStarUITests;
			productName = CinemaStarUITests;
			productReference = DA3372EC2BD729C4005F1CFB /* CinemaStarUITests.xctest */;
			productType = "com.apple.product-type.bundle.ui-testing";
		};
/* End PBXNativeTarget section */

/* Begin PBXProject section */
		DA3372C42BD729C2005F1CFB /* Project object */ = {
			isa = PBXProject;
			attributes = {
				BuildIndependentTargetsInParallel = 1;
				LastSwiftUpdateCheck = 1530;
				LastUpgradeCheck = 1530;
				TargetAttributes = {
					DA3372CB2BD729C2005F1CFB = {
						CreatedOnToolsVersion = 15.3;
					};
					DA3372E12BD729C4005F1CFB = {
						CreatedOnToolsVersion = 15.3;
						TestTargetID = DA3372CB2BD729C2005F1CFB;
					};
					DA3372EB2BD729C4005F1CFB = {
						CreatedOnToolsVersion = 15.3;
						TestTargetID = DA3372CB2BD729C2005F1CFB;
					};
				};
			};
			buildConfigurationList = DA3372C72BD729C2005F1CFB /* Build configuration list for PBXProject "CinemaStar" */;
			compatibilityVersion = "Xcode 14.0";
			developmentRegion = en;
			hasScannedForEncodings = 0;
			knownRegions = (
				en,
				Base,
			);
			mainGroup = DA3372C32BD729C2005F1CFB;
			packageReferences = (
				DA33733F2BD79EC2005F1CFB /* XCRemoteSwiftPackageReference "SnapKit" */,
				DA88C3E12BDB5FA500AB5B1B /* XCRemoteSwiftPackageReference "keychain-swift" */,
			);
			productRefGroup = DA3372CD2BD729C2005F1CFB /* Products */;
			projectDirPath = "";
			projectRoot = "";
			targets = (
				DA3372CB2BD729C2005F1CFB /* CinemaStar */,
				DA3372E12BD729C4005F1CFB /* CinemaStarTests */,
				DA3372EB2BD729C4005F1CFB /* CinemaStarUITests */,
			);
		};
/* End PBXProject section */

/* Begin PBXResourcesBuildPhase section */
		DA3372CA2BD729C2005F1CFB /* Resources */ = {
			isa = PBXResourcesBuildPhase;
			buildActionMask = 2147483647;
			files = (
				DA3372D92BD729C3005F1CFB /* Assets.xcassets in Resources */,
				DA3373312BD79A62005F1CFB /* Inter-Regular.ttf in Resources */,
				DA3373342BD79A62005F1CFB /* Inter-Medium.ttf in Resources */,
				DA3372DC2BD729C3005F1CFB /* Base in Resources */,
				DA19D5BA2C098C370023501E /* Localizable.strings in Resources */,
				DA33732E2BD79A62005F1CFB /* Inter-Bold.ttf in Resources */,
				DA3372D72BD729C2005F1CFB /* Base in Resources */,
			);
			runOnlyForDeploymentPostprocessing = 0;
		};
		DA3372E02BD729C4005F1CFB /* Resources */ = {
			isa = PBXResourcesBuildPhase;
			buildActionMask = 2147483647;
			files = (
				DA3373322BD79A62005F1CFB /* Inter-Regular.ttf in Resources */,
				DA33732F2BD79A62005F1CFB /* Inter-Bold.ttf in Resources */,
				DA3373352BD79A62005F1CFB /* Inter-Medium.ttf in Resources */,
			);
			runOnlyForDeploymentPostprocessing = 0;
		};
		DA3372EA2BD729C4005F1CFB /* Resources */ = {
			isa = PBXResourcesBuildPhase;
			buildActionMask = 2147483647;
			files = (
				DA3373332BD79A62005F1CFB /* Inter-Regular.ttf in Resources */,
				DA3373302BD79A62005F1CFB /* Inter-Bold.ttf in Resources */,
				DA3373362BD79A62005F1CFB /* Inter-Medium.ttf in Resources */,
			);
			runOnlyForDeploymentPostprocessing = 0;
		};
/* End PBXResourcesBuildPhase section */

/* Begin PBXShellScriptBuildPhase section */
		DA19D5BC2C09980D0023501E /* SwiftGen */ = {
			isa = PBXShellScriptBuildPhase;
			buildActionMask = 2147483647;
			files = (
			);
			inputFileListPaths = (
			);
			inputPaths = (
			);
			name = SwiftGen;
			outputFileListPaths = (
			);
			outputPaths = (
			);
			runOnlyForDeploymentPostprocessing = 0;
			shellPath = /bin/sh;
			shellScript = "if [[ -f \"${PODS_ROOT}/SwiftGen/bin/swiftgen\" ]]; then\n\"${PODS_ROOT}/SwiftGen/bin/swiftgen\"\nelse\n    echo \"warning: SwiftGen is not installed. Run 'pod install --repo-update' to install it.\"\nfi\n";
		};
		DA88C3F42BDBE31C00AB5B1B /* Swift Format */ = {
			isa = PBXShellScriptBuildPhase;
			alwaysOutOfDate = 1;
			buildActionMask = 12;
			files = (
			);
			inputFileListPaths = (
			);
			inputPaths = (
			);
			name = "Swift Format";
			outputFileListPaths = (
			);
			outputPaths = (
			);
			runOnlyForDeploymentPostprocessing = 0;
			shellPath = /bin/sh;
			shellScript = "if [[ \"$(uname -m)\" == arm64 ]]; then\n    export PATH=\"/opt/homebrew/bin:$PATH\"\nfi\n\nif which swiftformat > /dev/null; then\n  swiftformat .\nelse\n  echo \"warning: SwiftFormat not installed, download from https://github.com/nicklockwood/SwiftFormat\"\nfi\n";
			showEnvVarsInLog = 0;
		};
		DA88C3F52BDBE38700AB5B1B /* Swift Lint */ = {
			isa = PBXShellScriptBuildPhase;
			alwaysOutOfDate = 1;
			buildActionMask = 12;
			files = (
			);
			inputFileListPaths = (
			);
			inputPaths = (
			);
			name = "Swift Lint";
			outputFileListPaths = (
			);
			outputPaths = (
			);
			runOnlyForDeploymentPostprocessing = 0;
			shellPath = /bin/sh;
			shellScript = "if [[ \"$(uname -m)\" == arm64 ]]; then\n    export PATH=\"/opt/homebrew/bin:$PATH\"\nfi\n\nif which swiftlint > /dev/null; then\n  swiftlint\nelse\n  echo \"warning: SwiftLint not installed, download from https://github.com/realm/SwiftLint\"\nfi\n\n";
			showEnvVarsInLog = 0;
		};
/* End PBXShellScriptBuildPhase section */

/* Begin PBXSourcesBuildPhase section */
		DA3372C82BD729C2005F1CFB /* Sources */ = {
			isa = PBXSourcesBuildPhase;
			buildActionMask = 2147483647;
			files = (
				DAA36A982C06CAF5008026A7 /* DetailsPresenter.swift in Sources */,
				DA19D5B92C098C370023501E /* XCAssets+Generated.swift in Sources */,
				DAA36A892C06C64B008026A7 /* ListPresenter.swift in Sources */,
				DAA36AA02C06D40B008026A7 /* NetworkService.swift in Sources */,
				DA3373212BD78D1F005F1CFB /* ListDTO.swift in Sources */,
				DAA36A8F2C06C9C0008026A7 /* Shimmer.swift in Sources */,
				DAA36A932C06CA9C008026A7 /* DetailstCellTypes.swift in Sources */,
				DAA36A862C06C60F008026A7 /* ViewState.swift in Sources */,
				DA3373252BD78DFD005F1CFB /* RatingDTO.swift in Sources */,
				DAA36A9A2C06CB26008026A7 /* DetailsInteractor.swift in Sources */,
				DAA36A812C06C143008026A7 /* ListRouter.swift in Sources */,
				DAA36AA22C06D5F4008026A7 /* DetailsDTO.swift in Sources */,
				DA3373382BD79B90005F1CFB /* Font+Extension .swift in Sources */,
				DAA36A8D2C06C88C008026A7 /* ListView.swift in Sources */,
				DAA36AAA2C06D66B008026A7 /* SpokenLanguageDTO.swift in Sources */,
				DA19D5B22C0963660023501E /* ImageLoader.swift in Sources */,
				DAA36A9C2C06CDD0008026A7 /* DetailsView.swift in Sources */,
				DAA36A952C06CAC3008026A7 /* DetailsModel.swift in Sources */,
				DAA36A842C06C586008026A7 /* ListModel.swift in Sources */,
				DAA36AA82C06D653008026A7 /* SimilarMovieDTO.swift in Sources */,
				DA19D5BB2C098C370023501E /* Strings+Generated.swift in Sources */,
				DAA36ABE2C084C52008026A7 /* CoreDtataService.swift in Sources */,
				DAA36AAF2C0845E0008026A7 /* CacheDataModel.xcdatamodeld in Sources */,
				DAA36A8B2C06C7EC008026A7 /* ListInteractor.swift in Sources */,
				DA33735F2BD8EE34005F1CFB /* UIView+Extension.swift in Sources */,
				DAA36AA42C06D629008026A7 /* DetailsRatingDTO.swift in Sources */,
				DA3373C22BDA0441005F1CFB /* CountryDTO.swift in Sources */,
				DA3373232BD78DAE005F1CFB /* DocDTO.swift in Sources */,
				DA3373C62BDA0453005F1CFB /* DetailsPosterDTO.swift in Sources */,
				DA3372D02BD729C2005F1CFB /* AppDelegate.swift in Sources */,
				DAA36A912C06CA5B008026A7 /* DetailsRouter.swift in Sources */,
				DAA36AA62C06D638008026A7 /* PersonDTO.swift in Sources */,
				DA33734F2BD8DC20005F1CFB /* ImageRequest.swift in Sources */,
				DA3372D22BD729C2005F1CFB /* SceneDelegate.swift in Sources */,
				DAA36A9E2C06D317008026A7 /* ListOfFilmsModel.swift in Sources */,
				DA3373192BD784E4005F1CFB /* APIResource.swift in Sources */,
				DA88C3E32BDB629F00AB5B1B /* KeyChainService.swift in Sources */,
				DA33731E2BD78C72005F1CFB /* PosterDTO.swift in Sources */,
			);
			runOnlyForDeploymentPostprocessing = 0;
		};
		DA3372DE2BD729C4005F1CFB /* Sources */ = {
			isa = PBXSourcesBuildPhase;
			buildActionMask = 2147483647;
			files = (
				DA3373C32BDA0441005F1CFB /* CountryDTO.swift in Sources */,
				DA3373C72BDA0453005F1CFB /* DetailsPosterDTO.swift in Sources */,
				DA3373602BD8EE34005F1CFB /* UIView+Extension.swift in Sources */,
				DA3373502BD8DC20005F1CFB /* ImageRequest.swift in Sources */,
				DA3372E72BD729C4005F1CFB /* CinemaStarTests.swift in Sources */,
				DA3373392BD79B90005F1CFB /* Font+Extension .swift in Sources */,
				DA19D5C82C0C9A5F0023501E /* DetailsUnitTest.swift in Sources */,
				DA19D5C02C0C0CB60023501E /* ListUnitTest.swift in Sources */,
			);
			runOnlyForDeploymentPostprocessing = 0;
		};
		DA3372E82BD729C4005F1CFB /* Sources */ = {
			isa = PBXSourcesBuildPhase;
			buildActionMask = 2147483647;
			files = (
				DA33733A2BD79B90005F1CFB /* Font+Extension .swift in Sources */,
				DA3373C82BDA0453005F1CFB /* DetailsPosterDTO.swift in Sources */,
				DA3372F12BD729C4005F1CFB /* CinemaStarUITests.swift in Sources */,
				DA3373512BD8DC20005F1CFB /* ImageRequest.swift in Sources */,
				DA3373612BD8EE34005F1CFB /* UIView+Extension.swift in Sources */,
				DA3372F32BD729C4005F1CFB /* CinemaStarUITestsLaunchTests.swift in Sources */,
				DA3373C42BDA0441005F1CFB /* CountryDTO.swift in Sources */,
			);
			runOnlyForDeploymentPostprocessing = 0;
		};
/* End PBXSourcesBuildPhase section */

/* Begin PBXTargetDependency section */
		DA3372E42BD729C4005F1CFB /* PBXTargetDependency */ = {
			isa = PBXTargetDependency;
			target = DA3372CB2BD729C2005F1CFB /* CinemaStar */;
			targetProxy = DA3372E32BD729C4005F1CFB /* PBXContainerItemProxy */;
		};
		DA3372EE2BD729C4005F1CFB /* PBXTargetDependency */ = {
			isa = PBXTargetDependency;
			target = DA3372CB2BD729C2005F1CFB /* CinemaStar */;
			targetProxy = DA3372ED2BD729C4005F1CFB /* PBXContainerItemProxy */;
		};
/* End PBXTargetDependency section */

/* Begin PBXVariantGroup section */
		DA3372D52BD729C2005F1CFB /* Main.storyboard */ = {
			isa = PBXVariantGroup;
			children = (
				DA3372D62BD729C2005F1CFB /* Base */,
			);
			name = Main.storyboard;
			sourceTree = "<group>";
		};
		DA3372DA2BD729C3005F1CFB /* LaunchScreen.storyboard */ = {
			isa = PBXVariantGroup;
			children = (
				DA3372DB2BD729C3005F1CFB /* Base */,
			);
			name = LaunchScreen.storyboard;
			sourceTree = "<group>";
		};
/* End PBXVariantGroup section */

/* Begin XCBuildConfiguration section */
		DA3372F42BD729C4005F1CFB /* Debug */ = {
			isa = XCBuildConfiguration;
			buildSettings = {
				ALWAYS_SEARCH_USER_PATHS = NO;
				ASSETCATALOG_COMPILER_GENERATE_SWIFT_ASSET_SYMBOL_EXTENSIONS = YES;
				CLANG_ANALYZER_NONNULL = YES;
				CLANG_ANALYZER_NUMBER_OBJECT_CONVERSION = YES_AGGRESSIVE;
				CLANG_CXX_LANGUAGE_STANDARD = "gnu++20";
				CLANG_ENABLE_MODULES = YES;
				CLANG_ENABLE_OBJC_ARC = YES;
				CLANG_ENABLE_OBJC_WEAK = YES;
				CLANG_WARN_BLOCK_CAPTURE_AUTORELEASING = YES;
				CLANG_WARN_BOOL_CONVERSION = YES;
				CLANG_WARN_COMMA = YES;
				CLANG_WARN_CONSTANT_CONVERSION = YES;
				CLANG_WARN_DEPRECATED_OBJC_IMPLEMENTATIONS = YES;
				CLANG_WARN_DIRECT_OBJC_ISA_USAGE = YES_ERROR;
				CLANG_WARN_DOCUMENTATION_COMMENTS = YES;
				CLANG_WARN_EMPTY_BODY = YES;
				CLANG_WARN_ENUM_CONVERSION = YES;
				CLANG_WARN_INFINITE_RECURSION = YES;
				CLANG_WARN_INT_CONVERSION = YES;
				CLANG_WARN_NON_LITERAL_NULL_CONVERSION = YES;
				CLANG_WARN_OBJC_IMPLICIT_RETAIN_SELF = YES;
				CLANG_WARN_OBJC_LITERAL_CONVERSION = YES;
				CLANG_WARN_OBJC_ROOT_CLASS = YES_ERROR;
				CLANG_WARN_QUOTED_INCLUDE_IN_FRAMEWORK_HEADER = YES;
				CLANG_WARN_RANGE_LOOP_ANALYSIS = YES;
				CLANG_WARN_STRICT_PROTOTYPES = YES;
				CLANG_WARN_SUSPICIOUS_MOVE = YES;
				CLANG_WARN_UNGUARDED_AVAILABILITY = YES_AGGRESSIVE;
				CLANG_WARN_UNREACHABLE_CODE = YES;
				CLANG_WARN__DUPLICATE_METHOD_MATCH = YES;
				COPY_PHASE_STRIP = NO;
				DEBUG_INFORMATION_FORMAT = dwarf;
				ENABLE_APP_SANDBOX = NO;
				ENABLE_STRICT_OBJC_MSGSEND = YES;
				ENABLE_TESTABILITY = YES;
				ENABLE_USER_SCRIPT_SANDBOXING = NO;
				ENABLE_USER_SELECTED_FILES = readwrite;
				GCC_C_LANGUAGE_STANDARD = gnu17;
				GCC_DYNAMIC_NO_PIC = NO;
				GCC_NO_COMMON_BLOCKS = YES;
				GCC_OPTIMIZATION_LEVEL = 0;
				GCC_PREPROCESSOR_DEFINITIONS = (
					"DEBUG=1",
					"$(inherited)",
				);
				GCC_WARN_64_TO_32_BIT_CONVERSION = YES;
				GCC_WARN_ABOUT_RETURN_TYPE = YES_ERROR;
				GCC_WARN_UNDECLARED_SELECTOR = YES;
				GCC_WARN_UNINITIALIZED_AUTOS = YES_AGGRESSIVE;
				GCC_WARN_UNUSED_FUNCTION = YES;
				GCC_WARN_UNUSED_VARIABLE = YES;
				IPHONEOS_DEPLOYMENT_TARGET = 15.0;
				LOCALIZATION_PREFERS_STRING_CATALOGS = YES;
				MTL_ENABLE_DEBUG_INFO = INCLUDE_SOURCE;
				MTL_FAST_MATH = YES;
				ONLY_ACTIVE_ARCH = YES;
				SDKROOT = iphoneos;
				SWIFT_ACTIVE_COMPILATION_CONDITIONS = "DEBUG $(inherited)";
				SWIFT_OPTIMIZATION_LEVEL = "-Onone";
			};
			name = Debug;
		};
		DA3372F52BD729C4005F1CFB /* Release */ = {
			isa = XCBuildConfiguration;
			buildSettings = {
				ALWAYS_SEARCH_USER_PATHS = NO;
				ASSETCATALOG_COMPILER_GENERATE_SWIFT_ASSET_SYMBOL_EXTENSIONS = YES;
				CLANG_ANALYZER_NONNULL = YES;
				CLANG_ANALYZER_NUMBER_OBJECT_CONVERSION = YES_AGGRESSIVE;
				CLANG_CXX_LANGUAGE_STANDARD = "gnu++20";
				CLANG_ENABLE_MODULES = YES;
				CLANG_ENABLE_OBJC_ARC = YES;
				CLANG_ENABLE_OBJC_WEAK = YES;
				CLANG_WARN_BLOCK_CAPTURE_AUTORELEASING = YES;
				CLANG_WARN_BOOL_CONVERSION = YES;
				CLANG_WARN_COMMA = YES;
				CLANG_WARN_CONSTANT_CONVERSION = YES;
				CLANG_WARN_DEPRECATED_OBJC_IMPLEMENTATIONS = YES;
				CLANG_WARN_DIRECT_OBJC_ISA_USAGE = YES_ERROR;
				CLANG_WARN_DOCUMENTATION_COMMENTS = YES;
				CLANG_WARN_EMPTY_BODY = YES;
				CLANG_WARN_ENUM_CONVERSION = YES;
				CLANG_WARN_INFINITE_RECURSION = YES;
				CLANG_WARN_INT_CONVERSION = YES;
				CLANG_WARN_NON_LITERAL_NULL_CONVERSION = YES;
				CLANG_WARN_OBJC_IMPLICIT_RETAIN_SELF = YES;
				CLANG_WARN_OBJC_LITERAL_CONVERSION = YES;
				CLANG_WARN_OBJC_ROOT_CLASS = YES_ERROR;
				CLANG_WARN_QUOTED_INCLUDE_IN_FRAMEWORK_HEADER = YES;
				CLANG_WARN_RANGE_LOOP_ANALYSIS = YES;
				CLANG_WARN_STRICT_PROTOTYPES = YES;
				CLANG_WARN_SUSPICIOUS_MOVE = YES;
				CLANG_WARN_UNGUARDED_AVAILABILITY = YES_AGGRESSIVE;
				CLANG_WARN_UNREACHABLE_CODE = YES;
				CLANG_WARN__DUPLICATE_METHOD_MATCH = YES;
				COPY_PHASE_STRIP = NO;
				DEBUG_INFORMATION_FORMAT = "dwarf-with-dsym";
				ENABLE_APP_SANDBOX = NO;
				ENABLE_NS_ASSERTIONS = NO;
				ENABLE_STRICT_OBJC_MSGSEND = YES;
				ENABLE_USER_SCRIPT_SANDBOXING = NO;
				ENABLE_USER_SELECTED_FILES = readwrite;
				GCC_C_LANGUAGE_STANDARD = gnu17;
				GCC_NO_COMMON_BLOCKS = YES;
				GCC_WARN_64_TO_32_BIT_CONVERSION = YES;
				GCC_WARN_ABOUT_RETURN_TYPE = YES_ERROR;
				GCC_WARN_UNDECLARED_SELECTOR = YES;
				GCC_WARN_UNINITIALIZED_AUTOS = YES_AGGRESSIVE;
				GCC_WARN_UNUSED_FUNCTION = YES;
				GCC_WARN_UNUSED_VARIABLE = YES;
				IPHONEOS_DEPLOYMENT_TARGET = 15.0;
				LOCALIZATION_PREFERS_STRING_CATALOGS = YES;
				MTL_ENABLE_DEBUG_INFO = NO;
				MTL_FAST_MATH = YES;
				SDKROOT = iphoneos;
				SWIFT_COMPILATION_MODE = wholemodule;
				VALIDATE_PRODUCT = YES;
			};
			name = Release;
		};
		DA3372F72BD729C4005F1CFB /* Debug */ = {
			isa = XCBuildConfiguration;
			buildSettings = {
				ASSETCATALOG_COMPILER_APPICON_NAME = AppIcon;
				ASSETCATALOG_COMPILER_GLOBAL_ACCENT_COLOR_NAME = AccentColor;
				CODE_SIGN_STYLE = Automatic;
				CURRENT_PROJECT_VERSION = 1;
				DEVELOPMENT_TEAM = YBKMM46H52;
				GENERATE_INFOPLIST_FILE = YES;
				INFOPLIST_FILE = CinemaStar/Info.plist;
				INFOPLIST_KEY_UIApplicationSupportsIndirectInputEvents = YES;
				INFOPLIST_KEY_UILaunchStoryboardName = LaunchScreen;
				INFOPLIST_KEY_UIMainStoryboardFile = "";
				INFOPLIST_KEY_UISupportedInterfaceOrientations_iPad = "UIInterfaceOrientationPortrait UIInterfaceOrientationPortraitUpsideDown UIInterfaceOrientationLandscapeLeft UIInterfaceOrientationLandscapeRight";
				INFOPLIST_KEY_UISupportedInterfaceOrientations_iPhone = "UIInterfaceOrientationPortrait UIInterfaceOrientationLandscapeLeft UIInterfaceOrientationLandscapeRight";
				LD_RUNPATH_SEARCH_PATHS = (
					"$(inherited)",
					"@executable_path/Frameworks",
				);
				MARKETING_VERSION = 1.0;
				PRODUCT_BUNDLE_IDENTIFIER = "-1.CinemaStar";
				PRODUCT_NAME = "$(TARGET_NAME)";
				SWIFT_EMIT_LOC_STRINGS = YES;
				SWIFT_VERSION = 5.0;
				TARGETED_DEVICE_FAMILY = "1,2";
			};
			name = Debug;
		};
		DA3372F82BD729C4005F1CFB /* Release */ = {
			isa = XCBuildConfiguration;
			buildSettings = {
				ASSETCATALOG_COMPILER_APPICON_NAME = AppIcon;
				ASSETCATALOG_COMPILER_GLOBAL_ACCENT_COLOR_NAME = AccentColor;
				CODE_SIGN_STYLE = Automatic;
				CURRENT_PROJECT_VERSION = 1;
				DEVELOPMENT_TEAM = YBKMM46H52;
				GENERATE_INFOPLIST_FILE = YES;
				INFOPLIST_FILE = CinemaStar/Info.plist;
				INFOPLIST_KEY_UIApplicationSupportsIndirectInputEvents = YES;
				INFOPLIST_KEY_UILaunchStoryboardName = LaunchScreen;
				INFOPLIST_KEY_UIMainStoryboardFile = "";
				INFOPLIST_KEY_UISupportedInterfaceOrientations_iPad = "UIInterfaceOrientationPortrait UIInterfaceOrientationPortraitUpsideDown UIInterfaceOrientationLandscapeLeft UIInterfaceOrientationLandscapeRight";
				INFOPLIST_KEY_UISupportedInterfaceOrientations_iPhone = "UIInterfaceOrientationPortrait UIInterfaceOrientationLandscapeLeft UIInterfaceOrientationLandscapeRight";
				LD_RUNPATH_SEARCH_PATHS = (
					"$(inherited)",
					"@executable_path/Frameworks",
				);
				MARKETING_VERSION = 1.0;
				PRODUCT_BUNDLE_IDENTIFIER = "-1.CinemaStar";
				PRODUCT_NAME = "$(TARGET_NAME)";
				SWIFT_EMIT_LOC_STRINGS = YES;
				SWIFT_VERSION = 5.0;
				TARGETED_DEVICE_FAMILY = "1,2";
			};
			name = Release;
		};
		DA3372FA2BD729C4005F1CFB /* Debug */ = {
			isa = XCBuildConfiguration;
			buildSettings = {
				ALWAYS_EMBED_SWIFT_STANDARD_LIBRARIES = YES;
				BUNDLE_LOADER = "$(TEST_HOST)";
				CODE_SIGN_STYLE = Automatic;
				CURRENT_PROJECT_VERSION = 1;
				GENERATE_INFOPLIST_FILE = YES;
				IPHONEOS_DEPLOYMENT_TARGET = 17.4;
				MARKETING_VERSION = 1.0;
				PRODUCT_BUNDLE_IDENTIFIER = "-1.CinemaStarTests";
				PRODUCT_NAME = "$(TARGET_NAME)";
				SWIFT_EMIT_LOC_STRINGS = NO;
				SWIFT_VERSION = 5.0;
				TARGETED_DEVICE_FAMILY = "1,2";
				TEST_HOST = "$(BUILT_PRODUCTS_DIR)/CinemaStar.app/$(BUNDLE_EXECUTABLE_FOLDER_PATH)/CinemaStar";
			};
			name = Debug;
		};
		DA3372FB2BD729C4005F1CFB /* Release */ = {
			isa = XCBuildConfiguration;
			buildSettings = {
				ALWAYS_EMBED_SWIFT_STANDARD_LIBRARIES = YES;
				BUNDLE_LOADER = "$(TEST_HOST)";
				CODE_SIGN_STYLE = Automatic;
				CURRENT_PROJECT_VERSION = 1;
				GENERATE_INFOPLIST_FILE = YES;
				IPHONEOS_DEPLOYMENT_TARGET = 17.4;
				MARKETING_VERSION = 1.0;
				PRODUCT_BUNDLE_IDENTIFIER = "-1.CinemaStarTests";
				PRODUCT_NAME = "$(TARGET_NAME)";
				SWIFT_EMIT_LOC_STRINGS = NO;
				SWIFT_VERSION = 5.0;
				TARGETED_DEVICE_FAMILY = "1,2";
				TEST_HOST = "$(BUILT_PRODUCTS_DIR)/CinemaStar.app/$(BUNDLE_EXECUTABLE_FOLDER_PATH)/CinemaStar";
			};
			name = Release;
		};
		DA3372FD2BD729C4005F1CFB /* Debug */ = {
			isa = XCBuildConfiguration;
			buildSettings = {
				ALWAYS_EMBED_SWIFT_STANDARD_LIBRARIES = YES;
				CODE_SIGN_STYLE = Automatic;
				CURRENT_PROJECT_VERSION = 1;
				GENERATE_INFOPLIST_FILE = YES;
				MARKETING_VERSION = 1.0;
				PRODUCT_BUNDLE_IDENTIFIER = "-1.CinemaStarUITests";
				PRODUCT_NAME = "$(TARGET_NAME)";
				SWIFT_EMIT_LOC_STRINGS = NO;
				SWIFT_VERSION = 5.0;
				TARGETED_DEVICE_FAMILY = "1,2";
				TEST_TARGET_NAME = CinemaStar;
			};
			name = Debug;
		};
		DA3372FE2BD729C4005F1CFB /* Release */ = {
			isa = XCBuildConfiguration;
			buildSettings = {
				ALWAYS_EMBED_SWIFT_STANDARD_LIBRARIES = YES;
				CODE_SIGN_STYLE = Automatic;
				CURRENT_PROJECT_VERSION = 1;
				GENERATE_INFOPLIST_FILE = YES;
				MARKETING_VERSION = 1.0;
				PRODUCT_BUNDLE_IDENTIFIER = "-1.CinemaStarUITests";
				PRODUCT_NAME = "$(TARGET_NAME)";
				SWIFT_EMIT_LOC_STRINGS = NO;
				SWIFT_VERSION = 5.0;
				TARGETED_DEVICE_FAMILY = "1,2";
				TEST_TARGET_NAME = CinemaStar;
			};
			name = Release;
		};
/* End XCBuildConfiguration section */

/* Begin XCConfigurationList section */
		DA3372C72BD729C2005F1CFB /* Build configuration list for PBXProject "CinemaStar" */ = {
			isa = XCConfigurationList;
			buildConfigurations = (
				DA3372F42BD729C4005F1CFB /* Debug */,
				DA3372F52BD729C4005F1CFB /* Release */,
			);
			defaultConfigurationIsVisible = 0;
			defaultConfigurationName = Release;
		};
		DA3372F62BD729C4005F1CFB /* Build configuration list for PBXNativeTarget "CinemaStar" */ = {
			isa = XCConfigurationList;
			buildConfigurations = (
				DA3372F72BD729C4005F1CFB /* Debug */,
				DA3372F82BD729C4005F1CFB /* Release */,
			);
			defaultConfigurationIsVisible = 0;
			defaultConfigurationName = Release;
		};
		DA3372F92BD729C4005F1CFB /* Build configuration list for PBXNativeTarget "CinemaStarTests" */ = {
			isa = XCConfigurationList;
			buildConfigurations = (
				DA3372FA2BD729C4005F1CFB /* Debug */,
				DA3372FB2BD729C4005F1CFB /* Release */,
			);
			defaultConfigurationIsVisible = 0;
			defaultConfigurationName = Release;
		};
		DA3372FC2BD729C4005F1CFB /* Build configuration list for PBXNativeTarget "CinemaStarUITests" */ = {
			isa = XCConfigurationList;
			buildConfigurations = (
				DA3372FD2BD729C4005F1CFB /* Debug */,
				DA3372FE2BD729C4005F1CFB /* Release */,
			);
			defaultConfigurationIsVisible = 0;
			defaultConfigurationName = Release;
		};
/* End XCConfigurationList section */

/* Begin XCRemoteSwiftPackageReference section */
		DA33733F2BD79EC2005F1CFB /* XCRemoteSwiftPackageReference "SnapKit" */ = {
			isa = XCRemoteSwiftPackageReference;
			repositoryURL = "https://github.com/SnapKit/SnapKit.git";
			requirement = {
				kind = upToNextMajorVersion;
				minimumVersion = 5.7.1;
			};
		};
		DA88C3E12BDB5FA500AB5B1B /* XCRemoteSwiftPackageReference "keychain-swift" */ = {
			isa = XCRemoteSwiftPackageReference;
			repositoryURL = "https://github.com/evgenyneu/keychain-swift";
			requirement = {
				kind = upToNextMajorVersion;
				minimumVersion = 24.0.0;
			};
		};
/* End XCRemoteSwiftPackageReference section */

/* Begin XCSwiftPackageProductDependency section */
		DA3373402BD79EC2005F1CFB /* SnapKit */ = {
			isa = XCSwiftPackageProductDependency;
			package = DA33733F2BD79EC2005F1CFB /* XCRemoteSwiftPackageReference "SnapKit" */;
			productName = SnapKit;
		};
		DA88C3E52BDB630400AB5B1B /* KeychainSwift */ = {
			isa = XCSwiftPackageProductDependency;
			package = DA88C3E12BDB5FA500AB5B1B /* XCRemoteSwiftPackageReference "keychain-swift" */;
			productName = KeychainSwift;
		};
/* End XCSwiftPackageProductDependency section */

/* Begin XCVersionGroup section */
		DAA36AAD2C0845E0008026A7 /* CacheDataModel.xcdatamodeld */ = {
			isa = XCVersionGroup;
			children = (
				DAA36AAE2C0845E0008026A7 /* CacheDataModel.xcdatamodel */,
			);
			currentVersion = DAA36AAE2C0845E0008026A7 /* CacheDataModel.xcdatamodel */;
			path = CacheDataModel.xcdatamodeld;
			sourceTree = "<group>";
			versionGroupType = wrapper.xcdatamodel;
		};
/* End XCVersionGroup section */
	};
	rootObject = DA3372C42BD729C2005F1CFB /* Project object */;
}
